
Microsoft Visual Studio Solution File, Format Version 12.00
# Visual Studio Version 16
VisualStudioVersion = 16.0.31025.194
MinimumVisualStudioVersion = 10.0.40219.1
Project("{FAE04EC0-301F-11D3-BF4B-00C04F79EFBC}") = "Online Cinema UI", "Online Cinema UI\Online Cinema UI.csproj", "{58C5A69B-30B1-4AC0-8BC6-5B85BA7984F8}"
EndProject
Project("{FAE04EC0-301F-11D3-BF4B-00C04F79EFBC}") = "Online Cinema BLL", "Online Cinema BLL\Online Cinema BLL.csproj", "{8142125E-38F5-463E-9198-39F0DF3B90F6}"
EndProject
Project("{FAE04EC0-301F-11D3-BF4B-00C04F79EFBC}") = "Online Cinema Core", "Online Cinema Core\Online Cinema Core.csproj", "{9B9A2C13-C35B-45A4-BEBC-E8C9A8DE61A6}"
EndProject
Project("{FAE04EC0-301F-11D3-BF4B-00C04F79EFBC}") = "Online Cinema Domain", "Online Cinema Domain\Online Cinema Domain.csproj", "{FACE7D1C-0B7A-4762-8034-6205DA3FD82C}"
EndProject
Global
	GlobalSection(SolutionConfigurationPlatforms) = preSolution
		Debug|Any CPU = Debug|Any CPU
		Release|Any CPU = Release|Any CPU
	EndGlobalSection
	GlobalSection(ProjectConfigurationPlatforms) = postSolution
		{58C5A69B-30B1-4AC0-8BC6-5B85BA7984F8}.Debug|Any CPU.ActiveCfg = Debug|Any CPU
		{58C5A69B-30B1-4AC0-8BC6-5B85BA7984F8}.Debug|Any CPU.Build.0 = Debug|Any CPU
		{58C5A69B-30B1-4AC0-8BC6-5B85BA7984F8}.Release|Any CPU.ActiveCfg = Release|Any CPU
		{58C5A69B-30B1-4AC0-8BC6-5B85BA7984F8}.Release|Any CPU.Build.0 = Release|Any CPU
		{8142125E-38F5-463E-9198-39F0DF3B90F6}.Debug|Any CPU.ActiveCfg = Debug|Any CPU
		{8142125E-38F5-463E-9198-39F0DF3B90F6}.Debug|Any CPU.Build.0 = Debug|Any CPU
		{8142125E-38F5-463E-9198-39F0DF3B90F6}.Release|Any CPU.ActiveCfg = Release|Any CPU
		{8142125E-38F5-463E-9198-39F0DF3B90F6}.Release|Any CPU.Build.0 = Release|Any CPU
		{9B9A2C13-C35B-45A4-BEBC-E8C9A8DE61A6}.Debug|Any CPU.ActiveCfg = Debug|Any CPU
		{9B9A2C13-C35B-45A4-BEBC-E8C9A8DE61A6}.Debug|Any CPU.Build.0 = Debug|Any CPU
		{9B9A2C13-C35B-45A4-BEBC-E8C9A8DE61A6}.Release|Any CPU.ActiveCfg = Release|Any CPU
		{9B9A2C13-C35B-45A4-BEBC-E8C9A8DE61A6}.Release|Any CPU.Build.0 = Release|Any CPU
		{FACE7D1C-0B7A-4762-8034-6205DA3FD82C}.Debug|Any CPU.ActiveCfg = Debug|Any CPU
		{FACE7D1C-0B7A-4762-8034-6205DA3FD82C}.Debug|Any CPU.Build.0 = Debug|Any CPU
		{FACE7D1C-0B7A-4762-8034-6205DA3FD82C}.Release|Any CPU.ActiveCfg = Release|Any CPU
		{FACE7D1C-0B7A-4762-8034-6205DA3FD82C}.Release|Any CPU.Build.0 = Release|Any CPU
	EndGlobalSection
	GlobalSection(SolutionProperties) = preSolution
		HideSolutionNode = FALSE
	EndGlobalSection
	GlobalSection(ExtensibilityGlobals) = postSolution
		SolutionGuid = {8068926A-2A6D-46F9-B8D1-029C7D93E037}
	EndGlobalSection
EndGlobal
